
Microsoft Visual Studio Solution File, Format Version 12.00
# Visual Studio 15
VisualStudioVersion = 15.0.27428.2015
MinimumVisualStudioVersion = 10.0.40219.1
Project("{FAE04EC0-301F-11D3-BF4B-00C04F79EFBC}") = "How to send message on whatsapp", "How to send message on whatsapp\How to send message on whatsapp.csproj", "{7D51C42E-90DA-4ABC-AE67-A638DC1E67CE}"
EndProject
Global
	GlobalSection(SolutionConfigurationPlatforms) = preSolution
		Debug|Any CPU = Debug|Any CPU
		Release|Any CPU = Release|Any CPU
	EndGlobalSection
	GlobalSection(ProjectConfigurationPlatforms) = postSolution
		{7D51C42E-90DA-4ABC-AE67-A638DC1E67CE}.Debug|Any CPU.ActiveCfg = Debug|Any CPU
		{7D51C42E-90DA-4ABC-AE67-A638DC1E67CE}.Debug|Any CPU.Build.0 = Debug|Any CPU
		{7D51C42E-90DA-4ABC-AE67-A638DC1E67CE}.Release|Any CPU.ActiveCfg = Release|Any CPU
		{7D51C42E-90DA-4ABC-AE67-A638DC1E67CE}.Release|Any CPU.Build.0 = Release|Any CPU
	EndGlobalSection
	GlobalSection(SolutionProperties) = preSolution
		HideSolutionNode = FALSE
	EndGlobalSection
	GlobalSection(ExtensibilityGlobals) = postSolution
		SolutionGuid = {AD8AB343-2BA7-4DFA-A744-B8E8DA573F9D}
	EndGlobalSection
EndGlobal
